
Microsoft Visual Studio Solution File, Format Version 12.00
# Visual Studio Version 17
VisualStudioVersion = 17.14.36623.8 d17.14
MinimumVisualStudioVersion = 10.0.40219.1
Project("{FAE04EC0-301F-11D3-BF4B-00C04F79EFBC}") = "Spring_diogram", "Spring_diogram\Spring_diogram.csproj", "{9FED3290-2224-4010-A238-A686AF43AC89}"
EndProject
Global
	GlobalSection(SolutionConfigurationPlatforms) = preSolution
		Debug|Any CPU = Debug|Any CPU
		Release|Any CPU = Release|Any CPU
	EndGlobalSection
	GlobalSection(ProjectConfigurationPlatforms) = postSolution
		{9FED3290-2224-4010-A238-A686AF43AC89}.Debug|Any CPU.ActiveCfg = Debug|Any CPU
		{9FED3290-2224-4010-A238-A686AF43AC89}.Debug|Any CPU.Build.0 = Debug|Any CPU
		{9FED3290-2224-4010-A238-A686AF43AC89}.Release|Any CPU.ActiveCfg = Release|Any CPU
		{9FED3290-2224-4010-A238-A686AF43AC89}.Release|Any CPU.Build.0 = Release|Any CPU
	EndGlobalSection
	GlobalSection(SolutionProperties) = preSolution
		HideSolutionNode = FALSE
	EndGlobalSection
	GlobalSection(ExtensibilityGlobals) = postSolution
		SolutionGuid = {8973B2B3-DA66-4CF9-834C-27E0755FBC86}
	EndGlobalSection
EndGlobal
